
Microsoft Visual Studio Solution File, Format Version 12.00
# Visual Studio Version 16
VisualStudioVersion = 16.0.30104.148
MinimumVisualStudioVersion = 10.0.40219.1
Project("{9A19103F-16F7-4668-BE54-9A1E7A4F7556}") = "KaraYadak", "KaraYadak.csproj", "{A8A78DD0-A701-463D-9515-71B60F1A4C6F}"
EndProject
Global
	GlobalSection(SolutionConfigurationPlatforms) = preSolution
		Debug|Any CPU = Debug|Any CPU
		Release|Any CPU = Release|Any CPU
	EndGlobalSection
	GlobalSection(ProjectConfigurationPlatforms) = postSolution
		{A8A78DD0-A701-463D-9515-71B60F1A4C6F}.Debug|Any CPU.ActiveCfg = Debug|Any CPU
		{A8A78DD0-A701-463D-9515-71B60F1A4C6F}.Debug|Any CPU.Build.0 = Debug|Any CPU
		{A8A78DD0-A701-463D-9515-71B60F1A4C6F}.Release|Any CPU.ActiveCfg = Release|Any CPU
		{A8A78DD0-A701-463D-9515-71B60F1A4C6F}.Release|Any CPU.Build.0 = Release|Any CPU
	EndGlobalSection
	GlobalSection(SolutionProperties) = preSolution
		HideSolutionNode = FALSE
	EndGlobalSection
	GlobalSection(ExtensibilityGlobals) = postSolution
		SolutionGuid = {60396AE2-8D34-4A48-ABAA-53A0EACDB5BE}
	EndGlobalSection
EndGlobal
